
Microsoft Visual Studio Solution File, Format Version 12.00
# Visual Studio 15
Project("{FAE04EC0-301F-11D3-BF4B-00C04F79EFBC}") = "Assembly-CSharp", "Assembly-CSharp.csproj", "{836EBE7D-CEF3-6D89-C0C2-A445D3DFCB9C}"
EndProject
Project("{FAE04EC0-301F-11D3-BF4B-00C04F79EFBC}") = "Assembly-CSharp-Editor", "Assembly-CSharp-Editor.csproj", "{A07792C1-284B-3D5C-F122-953C576005C4}"
EndProject
Global
	GlobalSection(SolutionConfigurationPlatforms) = preSolution
		Debug|Any CPU = Debug|Any CPU
		Release|Any CPU = Release|Any CPU
	EndGlobalSection
	GlobalSection(ProjectConfigurationPlatforms) = postSolution
		{836EBE7D-CEF3-6D89-C0C2-A445D3DFCB9C}.Debug|Any CPU.ActiveCfg = Debug|Any CPU
		{836EBE7D-CEF3-6D89-C0C2-A445D3DFCB9C}.Debug|Any CPU.Build.0 = Debug|Any CPU
		{836EBE7D-CEF3-6D89-C0C2-A445D3DFCB9C}.Release|Any CPU.ActiveCfg = Release|Any CPU
		{836EBE7D-CEF3-6D89-C0C2-A445D3DFCB9C}.Release|Any CPU.Build.0 = Release|Any CPU
		{A07792C1-284B-3D5C-F122-953C576005C4}.Debug|Any CPU.ActiveCfg = Debug|Any CPU
		{A07792C1-284B-3D5C-F122-953C576005C4}.Debug|Any CPU.Build.0 = Debug|Any CPU
		{A07792C1-284B-3D5C-F122-953C576005C4}.Release|Any CPU.ActiveCfg = Release|Any CPU
		{A07792C1-284B-3D5C-F122-953C576005C4}.Release|Any CPU.Build.0 = Release|Any CPU
	EndGlobalSection
	GlobalSection(SolutionProperties) = preSolution
		HideSolutionNode = FALSE
	EndGlobalSection
EndGlobal
